
Microsoft Visual Studio Solution File, Format Version 12.00
# Visual Studio Version 17
VisualStudioVersion = 17.14.36705.20 d17.14
MinimumVisualStudioVersion = 10.0.40219.1
Project("{FAE04EC0-301F-11D3-BF4B-00C04F79EFBC}") = "HelloAPI", "HelloAPI\HelloAPI.csproj", "{3020D15A-40B0-449E-A29F-5D568C8A4DF8}"
EndProject
Global
	GlobalSection(SolutionConfigurationPlatforms) = preSolution
		Debug|Any CPU = Debug|Any CPU
		Release|Any CPU = Release|Any CPU
	EndGlobalSection
	GlobalSection(ProjectConfigurationPlatforms) = postSolution
		{3020D15A-40B0-449E-A29F-5D568C8A4DF8}.Debug|Any CPU.ActiveCfg = Debug|Any CPU
		{3020D15A-40B0-449E-A29F-5D568C8A4DF8}.Debug|Any CPU.Build.0 = Debug|Any CPU
		{3020D15A-40B0-449E-A29F-5D568C8A4DF8}.Release|Any CPU.ActiveCfg = Release|Any CPU
		{3020D15A-40B0-449E-A29F-5D568C8A4DF8}.Release|Any CPU.Build.0 = Release|Any CPU
	EndGlobalSection
	GlobalSection(SolutionProperties) = preSolution
		HideSolutionNode = FALSE
	EndGlobalSection
	GlobalSection(ExtensibilityGlobals) = postSolution
		SolutionGuid = {28E15D1C-5485-41B4-B3F2-1E3173CC16FC}
	EndGlobalSection
EndGlobal
